
Microsoft Visual Studio Solution File, Format Version 12.00
# Visual Studio 15
VisualStudioVersion = 15.0.27004.2005
MinimumVisualStudioVersion = 10.0.40219.1
Project("{FAE04EC0-301F-11D3-BF4B-00C04F79EFBC}") = "FoodApp.Data", "FoodApp.Data\FoodApp.Data.csproj", "{F9F4100A-347B-485E-8D04-90CA0B435D0A}"
EndProject
Project("{FAE04EC0-301F-11D3-BF4B-00C04F79EFBC}") = "FoodApp.Data.Models", "FoodApp.Data.Models\FoodApp.Data.Models.csproj", "{6D19EEE7-B2C9-4C29-B5AB-36980E5F4963}"
EndProject
Project("{FAE04EC0-301F-11D3-BF4B-00C04F79EFBC}") = "FoodApp.Web", "FoodApp.Web\FoodApp.Web.csproj", "{F712CF41-6651-4435-9F2C-535B0A5FAD85}"
EndProject
Global
	GlobalSection(SolutionConfigurationPlatforms) = preSolution
		Debug|Any CPU = Debug|Any CPU
		Release|Any CPU = Release|Any CPU
	EndGlobalSection
	GlobalSection(ProjectConfigurationPlatforms) = postSolution
		{F9F4100A-347B-485E-8D04-90CA0B435D0A}.Debug|Any CPU.ActiveCfg = Debug|Any CPU
		{F9F4100A-347B-485E-8D04-90CA0B435D0A}.Debug|Any CPU.Build.0 = Debug|Any CPU
		{F9F4100A-347B-485E-8D04-90CA0B435D0A}.Release|Any CPU.ActiveCfg = Release|Any CPU
		{F9F4100A-347B-485E-8D04-90CA0B435D0A}.Release|Any CPU.Build.0 = Release|Any CPU
		{6D19EEE7-B2C9-4C29-B5AB-36980E5F4963}.Debug|Any CPU.ActiveCfg = Debug|Any CPU
		{6D19EEE7-B2C9-4C29-B5AB-36980E5F4963}.Debug|Any CPU.Build.0 = Debug|Any CPU
		{6D19EEE7-B2C9-4C29-B5AB-36980E5F4963}.Release|Any CPU.ActiveCfg = Release|Any CPU
		{6D19EEE7-B2C9-4C29-B5AB-36980E5F4963}.Release|Any CPU.Build.0 = Release|Any CPU
		{F712CF41-6651-4435-9F2C-535B0A5FAD85}.Debug|Any CPU.ActiveCfg = Debug|Any CPU
		{F712CF41-6651-4435-9F2C-535B0A5FAD85}.Debug|Any CPU.Build.0 = Debug|Any CPU
		{F712CF41-6651-4435-9F2C-535B0A5FAD85}.Release|Any CPU.ActiveCfg = Release|Any CPU
		{F712CF41-6651-4435-9F2C-535B0A5FAD85}.Release|Any CPU.Build.0 = Release|Any CPU
	EndGlobalSection
	GlobalSection(SolutionProperties) = preSolution
		HideSolutionNode = FALSE
	EndGlobalSection
	GlobalSection(ExtensibilityGlobals) = postSolution
		SolutionGuid = {F5032CCE-AB13-4181-9DB1-BEF0AC15F2CE}
	EndGlobalSection
EndGlobal
