
Microsoft Visual Studio Solution File, Format Version 12.00
# Visual Studio 15
VisualStudioVersion = 15.0.27004.2005
MinimumVisualStudioVersion = 10.0.40219.1
Project("{FAE04EC0-301F-11D3-BF4B-00C04F79EFBC}") = "DSA.Algorithms", "DSA.Algorithms\DSA.Algorithms.csproj", "{DBB1EB0C-EDC5-4B11-BA5A-3AF6505C2DC4}"
EndProject
Project("{FAE04EC0-301F-11D3-BF4B-00C04F79EFBC}") = "DSA.CLI", "DSA.CLI\DSA.CLI.csproj", "{C1384F04-1E45-4573-A753-61DEF9D6DC43}"
EndProject
Global
	GlobalSection(SolutionConfigurationPlatforms) = preSolution
		Debug|Any CPU = Debug|Any CPU
		Release|Any CPU = Release|Any CPU
	EndGlobalSection
	GlobalSection(ProjectConfigurationPlatforms) = postSolution
		{DBB1EB0C-EDC5-4B11-BA5A-3AF6505C2DC4}.Debug|Any CPU.ActiveCfg = Debug|Any CPU
		{DBB1EB0C-EDC5-4B11-BA5A-3AF6505C2DC4}.Debug|Any CPU.Build.0 = Debug|Any CPU
		{DBB1EB0C-EDC5-4B11-BA5A-3AF6505C2DC4}.Release|Any CPU.ActiveCfg = Release|Any CPU
		{DBB1EB0C-EDC5-4B11-BA5A-3AF6505C2DC4}.Release|Any CPU.Build.0 = Release|Any CPU
		{C1384F04-1E45-4573-A753-61DEF9D6DC43}.Debug|Any CPU.ActiveCfg = Debug|Any CPU
		{C1384F04-1E45-4573-A753-61DEF9D6DC43}.Debug|Any CPU.Build.0 = Debug|Any CPU
		{C1384F04-1E45-4573-A753-61DEF9D6DC43}.Release|Any CPU.ActiveCfg = Release|Any CPU
		{C1384F04-1E45-4573-A753-61DEF9D6DC43}.Release|Any CPU.Build.0 = Release|Any CPU
	EndGlobalSection
	GlobalSection(SolutionProperties) = preSolution
		HideSolutionNode = FALSE
	EndGlobalSection
	GlobalSection(ExtensibilityGlobals) = postSolution
		SolutionGuid = {01372ABC-8814-44E8-A027-C6E8CBFB1BD1}
	EndGlobalSection
EndGlobal
